# THIS IS AN AUTOGENERATED FILE. DO NOT EDIT THIS FILE DIRECTLY.
# yarn lockfile v1


axios@^0.17.1:
  version "0.17.1"
  resolved "https://registry.yarnpkg.com/axios/-/axios-0.17.1.tgz#2d8e3e5d0bdbd7327f91bc814f5c57660f81824d"
  dependencies:
    follow-redirects "^1.2.5"
    is-buffer "^1.1.5"

bson@~1.0.4:
  version "1.0.4"
  resolved "https://registry.yarnpkg.com/bson/-/bson-1.0.4.tgz#93c10d39eaa5b58415cbc4052f3e53e562b0b72c"

chance@^1.0.13:
  version "1.0.13"
  resolved "https://registry.yarnpkg.com/chance/-/chance-1.0.13.tgz#666bec2db42b3084456a3e4f4c28a82db5ccb7e6"

debug@^3.1.0:
  version "3.1.0"
  resolved "https://registry.yarnpkg.com/debug/-/debug-3.1.0.tgz#5bb5a0672628b64149566ba16819e61518c67261"
  dependencies:
    ms "2.0.0"

follow-redirects@^1.2.5:
  version "1.4.0"
  resolved "https://registry.yarnpkg.com/follow-redirects/-/follow-redirects-1.4.0.tgz#a146a3a5d402201c7a3e6128643f0e336d212b10"
  dependencies:
    debug "^3.1.0"

is-buffer@^1.1.5:
  version "1.1.6"
  resolved "https://registry.yarnpkg.com/is-buffer/-/is-buffer-1.1.6.tgz#efaa2ea9daa0d7ab2ea13a97b2b8ad51fefbe8be"

mongodb-core@3.0.1:
  version "3.0.1"
  resolved "https://registry.yarnpkg.com/mongodb-core/-/mongodb-core-3.0.1.tgz#ff6dc36ee96ff596953d80a6840d6731bc92efed"
  dependencies:
    bson "~1.0.4"
    require_optional "^1.0.1"

mongodb@^3.0.1:
  version "3.0.1"
  resolved "https://registry.yarnpkg.com/mongodb/-/mongodb-3.0.1.tgz#278ee8006257ec22798594a6259546825d6de1b2"
  dependencies:
    mongodb-core "3.0.1"

ms@2.0.0:
  version "2.0.0"
  resolved "https://registry.yarnpkg.com/ms/-/ms-2.0.0.tgz#5608aeadfc00be6c2901df5f9861788de0d597c8"

require_optional@^1.0.1:
  version "1.0.1"
  resolved "https://registry.yarnpkg.com/require_optional/-/require_optional-1.0.1.tgz#4cf35a4247f64ca3df8c2ef208cc494b1ca8fc2e"
  dependencies:
    resolve-from "^2.0.0"
    semver "^5.1.0"

resolve-from@^2.0.0:
  version "2.0.0"
  resolved "https://registry.yarnpkg.com/resolve-from/-/resolve-from-2.0.0.tgz#9480ab20e94ffa1d9e80a804c7ea147611966b57"

semver@^5.1.0:
  version "5.5.0"
  resolved "https://registry.yarnpkg.com/semver/-/semver-5.5.0.tgz#dc4bbc7a6ca9d916dee5d43516f0092b58f7b8ab"
